
Microsoft Visual Studio Solution File, Format Version 12.00
# Visual Studio Version 17
VisualStudioVersion = 17.5.002.0
MinimumVisualStudioVersion = 10.0.40219.1
Project("{9A19103F-16F7-4668-BE54-9A1E7A4F7556}") = "company-management", "company-management.csproj", "{F8F7DCD4-F723-4C46-8772-9F266FD0B258}"
EndProject
Global
	GlobalSection(SolutionConfigurationPlatforms) = preSolution
		Debug|Any CPU = Debug|Any CPU
		Release|Any CPU = Release|Any CPU
	EndGlobalSection
	GlobalSection(ProjectConfigurationPlatforms) = postSolution
		{F8F7DCD4-F723-4C46-8772-9F266FD0B258}.Debug|Any CPU.ActiveCfg = Debug|Any CPU
		{F8F7DCD4-F723-4C46-8772-9F266FD0B258}.Debug|Any CPU.Build.0 = Debug|Any CPU
		{F8F7DCD4-F723-4C46-8772-9F266FD0B258}.Release|Any CPU.ActiveCfg = Release|Any CPU
		{F8F7DCD4-F723-4C46-8772-9F266FD0B258}.Release|Any CPU.Build.0 = Release|Any CPU
	EndGlobalSection
	GlobalSection(SolutionProperties) = preSolution
		HideSolutionNode = FALSE
	EndGlobalSection
	GlobalSection(ExtensibilityGlobals) = postSolution
		SolutionGuid = {91F7CA54-949F-4EFF-9F62-FBA6BF69C199}
	EndGlobalSection
EndGlobal
